<?xml version="1.0" encoding="UTF-8"?>
<Scheme
   LastUpgradeVersion = "1110"
   version = "1.3">
   <BuildAction
      parallelizeBuildables = "YES"
      buildImplicitDependencies = "YES">
      <BuildActionEntries>
         <BuildActionEntry
            buildForTesting = "YES"
            buildForRunning = "YES"
            buildForProfiling = "YES"
            buildForArchiving = "YES"
            buildForAnalyzing = "YES">
            <BuildableReference
               BuildableIdentifier = "primary"
               BlueprintIdentifier = "8DB7F30F236AC43E007A889D"
               BuildableName = "AnyThinkSDKDemo.app"
               BlueprintName = "AnyThinkSDKDemo"
               ReferencedContainer = "container:AnyThinkSDK.xcodeproj">
            </BuildableReference>
         </BuildActionEntry>
      </BuildActionEntries>
   </BuildAction>
   <TestAction
      buildConfiguration = "Debug"
      selectedDebuggerIdentifier = "Xcode.DebuggerFoundation.Debugger.LLDB"
      selectedLauncherIdentifier = "Xcode.DebuggerFoundation.Launcher.LLDB"
      shouldUseLaunchSchemeArgsEnv = "YES">
      <Testables>
         <TestableReference
            skipped = "NO">
            <BuildableReference
               BuildableIdentifier = "primary"
               BlueprintIdentifier = "9B56A0D5237E719600204E3D"
               BuildableName = "AnyThinkMintegralBannerAdapterTests.xctest"
               BlueprintName = "AnyThinkMintegralBannerAdapterTests"
               ReferencedContainer = "container:AnyThinkSDK.xcodeproj">
            </BuildableReference>
         </TestableReference>
         <TestableReference
            skipped = "NO">
            <BuildableReference
               BuildableIdentifier = "primary"
               BlueprintIdentifier = "9B56A1CA238E16C300204E3D"
               BuildableName = "ATOguryInterstitialAdapterTests.xctest"
               BlueprintName = "ATOguryInterstitialAdapterTests"
               ReferencedContainer = "container:AnyThinkSDK.xcodeproj">
            </BuildableReference>
         </TestableReference>
         <TestableReference
            skipped = "NO">
            <BuildableReference
               BuildableIdentifier = "primary"
               BlueprintIdentifier = "9B56A1EC238E175800204E3D"
               BuildableName = "ATOguryRewardedVideoAdapterTests.xctest"
               BlueprintName = "ATOguryRewardedVideoAdapterTests"
               ReferencedContainer = "container:AnyThinkSDK.xcodeproj">
            </BuildableReference>
         </TestableReference>
         <TestableReference
            skipped = "NO">
            <BuildableReference
               BuildableIdentifier = "primary"
               BlueprintIdentifier = "9B56A20F238E187400204E3D"
               BuildableName = "AnyThinkOguryInterstitialAdapterTests.xctest"
               BlueprintName = "AnyThinkOguryInterstitialAdapterTests"
               ReferencedContainer = "container:AnyThinkSDK.xcodeproj">
            </BuildableReference>
         </TestableReference>
         <TestableReference
            skipped = "NO">
            <BuildableReference
               BuildableIdentifier = "primary"
               BlueprintIdentifier = "9B56A231238E18AC00204E3D"
               BuildableName = "AnyThinkOguryRewardedVideoAdapterTests.xctest"
               BlueprintName = "AnyThinkOguryRewardedVideoAdapterTests"
               ReferencedContainer = "container:AnyThinkSDK.xcodeproj">
            </BuildableReference>
         </TestableReference>
         <TestableReference
            skipped = "NO">
            <BuildableReference
               BuildableIdentifier = "primary"
               BlueprintIdentifier = "8D1C16F02422217F00639FCF"
               BuildableName = "AnyThinkStartAppRewardedVideoAdapterTests.xctest"
               BlueprintName = "AnyThinkStartAppRewardedVideoAdapterTests"
               ReferencedContainer = "container:AnyThinkSDK.xcodeproj">
            </BuildableReference>
         </TestableReference>
         <TestableReference
            skipped = "NO">
            <BuildableReference
               BuildableIdentifier = "primary"
               BlueprintIdentifier = "8D1C1712242221A400639FCF"
               BuildableName = "AnyThinkStartAppInterstitialAdapterTests.xctest"
               BlueprintName = "AnyThinkStartAppInterstitialAdapterTests"
               ReferencedContainer = "container:AnyThinkSDK.xcodeproj">
            </BuildableReference>
         </TestableReference>
         <TestableReference
            skipped = "NO">
            <BuildableReference
               BuildableIdentifier = "primary"
               BlueprintIdentifier = "8DE32519243F0A2300D72844"
               BuildableName = "AnyThinkFyberBannerAdapterTests.xctest"
               BlueprintName = "AnyThinkFyberBannerAdapterTests"
               ReferencedContainer = "container:AnyThinkSDK.xcodeproj">
            </BuildableReference>
         </TestableReference>
      </Testables>
   </TestAction>
   <LaunchAction
      buildConfiguration = "Debug"
      selectedDebuggerIdentifier = "Xcode.DebuggerFoundation.Debugger.LLDB"
      selectedLauncherIdentifier = "Xcode.DebuggerFoundation.Launcher.LLDB"
      launchStyle = "0"
      useCustomWorkingDirectory = "NO"
      ignoresPersistentStateOnLaunch = "NO"
      debugDocumentVersioning = "YES"
      debugServiceExtension = "internal"
      allowLocationSimulation = "YES">
      <BuildableProductRunnable
         runnableDebuggingMode = "0">
         <BuildableReference
            BuildableIdentifier = "primary"
            BlueprintIdentifier = "8DB7F30F236AC43E007A889D"
            BuildableName = "AnyThinkSDKDemo.app"
            BlueprintName = "AnyThinkSDKDemo"
            ReferencedContainer = "container:AnyThinkSDK.xcodeproj">
         </BuildableReference>
      </BuildableProductRunnable>
   </LaunchAction>
   <ProfileAction
      buildConfiguration = "Release"
      shouldUseLaunchSchemeArgsEnv = "YES"
      savedToolIdentifier = ""
      useCustomWorkingDirectory = "NO"
      debugDocumentVersioning = "YES">
      <BuildableProductRunnable
         runnableDebuggingMode = "0">
         <BuildableReference
            BuildableIdentifier = "primary"
            BlueprintIdentifier = "8DB7F30F236AC43E007A889D"
            BuildableName = "AnyThinkSDKDemo.app"
            BlueprintName = "AnyThinkSDKDemo"
            ReferencedContainer = "container:AnyThinkSDK.xcodeproj">
         </BuildableReference>
      </BuildableProductRunnable>
   </ProfileAction>
   <AnalyzeAction
      buildConfiguration = "Debug">
   </AnalyzeAction>
   <ArchiveAction
      buildConfiguration = "Release"
      revealArchiveInOrganizer = "YES">
   </ArchiveAction>
</Scheme>
